<?xml version="1.0" encoding="utf-8"?>
<Project ToolsVersion="4.0" xmlns="http://schemas.microsoft.com/developer/msbuild/2003">
  <ItemGroup>
    <ClCompile Include="ksmm\match\match_info.cc" />
    <ClCompile Include="GeneratedFiles\Debug\moc_match_info.cpp">
      <Filter>Generated Files\Debug</Filter>
    </ClCompile>
    <ClCompile Include="GeneratedFiles\Release\moc_match_info.cpp">
      <Filter>Generated Files\Release</Filter>
    </ClCompile>
    <ClCompile Include="ksmm\order\order_info.cc" />
    <ClCompile Include="GeneratedFiles\Debug\moc_order_info.cpp">
      <Filter>Generated Files\Debug</Filter>
    </ClCompile>
    <ClCompile Include="GeneratedFiles\Release\moc_order_info.cpp">
      <Filter>Generated Files\Release</Filter>
    </ClCompile>
    <ClCompile Include="ksmm\order\order_manager.cc" />
    <ClCompile Include="GeneratedFiles\Debug\moc_order_manager.cpp">
      <Filter>Generated Files\Debug</Filter>
    </ClCompile>
    <ClCompile Include="GeneratedFiles\Release\moc_order_manager.cpp">
      <Filter>Generated Files\Release</Filter>
    </ClCompile>
    <ClCompile Include="ksmm\common_define.cpp">
      <Filter>Generated Files</Filter>
    </ClCompile>
    <ClCompile Include="ksmm\ksmm_trader.cc" />
    <ClCompile Include="GeneratedFiles\Debug\moc_ksmm_trader.cpp">
      <Filter>Generated Files\Debug</Filter>
    </ClCompile>
    <ClCompile Include="GeneratedFiles\Release\moc_ksmm_trader.cpp">
      <Filter>Generated Files\Release</Filter>
    </ClCompile>
    <ClCompile Include="ksmm\ksmm_trading_api.cpp">
      <Filter>Generated Files</Filter>
    </ClCompile>
    <ClCompile Include="GeneratedFiles\Debug\moc_ksmm_trading_api.cpp">
      <Filter>Generated Files\Debug</Filter>
    </ClCompile>
    <ClCompile Include="GeneratedFiles\Release\moc_ksmm_trading_api.cpp">
      <Filter>Generated Files\Release</Filter>
    </ClCompile>
    <ClCompile Include="ksmm\ksmm_trading_spi.cpp">
      <Filter>Generated Files</Filter>
    </ClCompile>
    <ClCompile Include="GeneratedFiles\Debug\moc_ksmm_trading_spi.cpp">
      <Filter>Generated Files\Debug</Filter>
    </ClCompile>
    <ClCompile Include="GeneratedFiles\Release\moc_ksmm_trading_spi.cpp">
      <Filter>Generated Files\Release</Filter>
    </ClCompile>
    <ClCompile Include="ksmm\ksmm_util.cc" />
    <ClCompile Include="ksmm\stock_object.cc" />
    <ClCompile Include="GeneratedFiles\Debug\moc_stock_object.cpp">
      <Filter>Generated Files\Debug</Filter>
    </ClCompile>
    <ClCompile Include="GeneratedFiles\Release\moc_stock_object.cpp">
      <Filter>Generated Files\Release</Filter>
    </ClCompile>
    <ClCompile Include="ksmm\xsdk_datetime.cpp">
      <Filter>Generated Files</Filter>
    </ClCompile>
    <ClCompile Include="GeneratedFiles\Debug\moc_market_manager.cpp">
      <Filter>Generated Files\Debug</Filter>
    </ClCompile>
    <ClCompile Include="GeneratedFiles\Release\moc_market_manager.cpp">
      <Filter>Generated Files\Release</Filter>
    </ClCompile>
    <ClCompile Include="ksmm\market\market_manager.cc" />
    <ClCompile Include="GeneratedFiles\Debug\moc_match_manager.cpp">
      <Filter>Generated Files\Debug</Filter>
    </ClCompile>
    <ClCompile Include="GeneratedFiles\Release\moc_match_manager.cpp">
      <Filter>Generated Files\Release</Filter>
    </ClCompile>
    <ClCompile Include="ksmm\match\match_manager.cc" />
    <ClCompile Include="GeneratedFiles\Debug\moc_auto_quote_object.cpp">
      <Filter>Generated Files\Debug</Filter>
    </ClCompile>
    <ClCompile Include="GeneratedFiles\Release\moc_auto_quote_object.cpp">
      <Filter>Generated Files\Release</Filter>
    </ClCompile>
    <ClCompile Include="ksmm\auto_quote\auto_quote_object.cc" />
    <ClCompile Include="ksmm\auto_quote\auto_quote_worker.cc" />
    <ClCompile Include="GeneratedFiles\Debug\moc_auto_quote_worker.cpp">
      <Filter>Generated Files\Debug</Filter>
    </ClCompile>
    <ClCompile Include="GeneratedFiles\Release\moc_auto_quote_worker.cpp">
      <Filter>Generated Files\Release</Filter>
    </ClCompile>
  </ItemGroup>
  <ItemGroup>
    <CustomBuild Include="ksmm\match\match_info.h">
      <Filter>Header Files</Filter>
    </CustomBuild>
    <CustomBuild Include="ksmm\order\order_info.h">
      <Filter>Header Files</Filter>
    </CustomBuild>
    <CustomBuild Include="ksmm\order\order_manager.h">
      <Filter>Header Files</Filter>
    </CustomBuild>
    <CustomBuild Include="ksmm\ksmm_trader.h">
      <Filter>Header Files</Filter>
    </CustomBuild>
    <CustomBuild Include="ksmm\ksmm_trading_api.h">
      <Filter>Header Files</Filter>
    </CustomBuild>
    <CustomBuild Include="ksmm\ksmm_trading_spi.h">
      <Filter>Header Files</Filter>
    </CustomBuild>
    <CustomBuild Include="ksmm\stock_object.h">
      <Filter>Header Files</Filter>
    </CustomBuild>
    <CustomBuild Include="ksmm\market\market_manager.h">
      <Filter>Header Files</Filter>
    </CustomBuild>
    <CustomBuild Include="ksmm\match\match_manager.h">
      <Filter>Header Files</Filter>
    </CustomBuild>
    <CustomBuild Include="ksmm\auto_quote\auto_quote_object.h">
      <Filter>Header Files</Filter>
    </CustomBuild>
    <CustomBuild Include="ksmm\auto_quote\auto_quote_worker.h">
      <Filter>Header Files</Filter>
    </CustomBuild>
  </ItemGroup>
  <ItemGroup>
    <Filter Include="Header Files">
      <UniqueIdentifier>{93995380-89BD-4b04-88EB-625FBE52EBFB}</UniqueIdentifier>
      <Extensions>h;hh;hpp;hxx;hm;inl;inc;xsd</Extensions>
      <ParseFiles>true</ParseFiles>
    </Filter>
    <Filter Include="Generated Files">
      <UniqueIdentifier>{71ED8ED8-ACB9-4CE9-BBE1-E00B30144E11}</UniqueIdentifier>
      <Extensions>moc;h;cpp</Extensions>
      <ParseFiles>true</ParseFiles>
    </Filter>
    <Filter Include="Generated Files\Release">
      <UniqueIdentifier>{c9b72cc3-c45e-4946-8bf2-d39ee25bbb80}</UniqueIdentifier>
      <Extensions>cpp;moc</Extensions>
      <SourceControlFiles>False</SourceControlFiles>
    </Filter>
    <Filter Include="Generated Files\Debug">
      <UniqueIdentifier>{f7676835-e46f-4849-bc35-f504af421e7a}</UniqueIdentifier>
      <Extensions>cpp;moc</Extensions>
      <SourceControlFiles>False</SourceControlFiles>
    </Filter>
  </ItemGroup>
  <ItemGroup>
    <ClInclude Include="ksmm\common_define.hpp">
      <Filter>Header Files</Filter>
    </ClInclude>
    <ClInclude Include="ksmm\ksmm_util.h">
      <Filter>Header Files</Filter>
    </ClInclude>
    <ClInclude Include="ksmm\xsdk_datetime.h">
      <Filter>Header Files</Filter>
    </ClInclude>
  </ItemGroup>
</Project>