<?xml version="1.0" encoding="utf-8"?>
<Project ToolsVersion="4.0" xmlns="http://schemas.microsoft.com/developer/msbuild/2003">
  <ItemGroup>
    <Filter Include="Source Files">
      <UniqueIdentifier>{4FC737F1-C7A5-4376-A066-2A32D752A2FF}</UniqueIdentifier>
      <Extensions>cpp;c;cc;cxx;def;odl;idl;hpj;bat;asm;asmx</Extensions>
    </Filter>
    <Filter Include="Header Files">
      <UniqueIdentifier>{93995380-89BD-4b04-88EB-625FBE52EBFB}</UniqueIdentifier>
      <Extensions>h;hh;hpp;hxx;hm;inl;inc;xsd</Extensions>
    </Filter>
    <Filter Include="Resource Files">
      <UniqueIdentifier>{D9D6E242-F8AF-46E4-B9FD-80ECBC20BA3E}</UniqueIdentifier>
      <Extensions>qrc;*</Extensions>
      <ParseFiles>false</ParseFiles>
    </Filter>
    <Filter Include="Resource Files">
      <UniqueIdentifier>{D9D6E242-F8AF-46E4-B9FD-80ECBC20BA3E}</UniqueIdentifier>
      <Extensions>qrc;*</Extensions>
      <ParseFiles>false</ParseFiles>
    </Filter>
    <Filter Include="Generated Files">
      <UniqueIdentifier>{71ED8ED8-ACB9-4CE9-BBE1-E00B30144E11}</UniqueIdentifier>
      <Extensions>moc;h;cpp</Extensions>
      <SourceControlFiles>False</SourceControlFiles>
    </Filter>
    <Filter Include="Generated Files\Debug">
      <UniqueIdentifier>{da6e0dd8-5b72-4dd6-9877-b42f35b6c0e2}</UniqueIdentifier>
      <Extensions>cpp;moc</Extensions>
      <SourceControlFiles>False</SourceControlFiles>
    </Filter>
    <Filter Include="Generated Files\Release">
      <UniqueIdentifier>{e06ed39e-7629-4bc3-9546-d0b3852a6aed}</UniqueIdentifier>
      <Extensions>cpp;moc</Extensions>
      <SourceControlFiles>False</SourceControlFiles>
    </Filter>
  </ItemGroup>
  <ItemGroup>
    <ClCompile Include="core\data.cpp">
      <Filter>Source Files</Filter>
    </ClCompile>
    <ClCompile Include="core\iwkats_core.cpp">
      <Filter>Source Files</Filter>
    </ClCompile>
    <ClCompile Include="core\lock.cpp">
      <Filter>Source Files</Filter>
    </ClCompile>
    <ClCompile Include="core\stream_parse_xml.cpp">
      <Filter>Source Files</Filter>
    </ClCompile>
    <ClCompile Include="core\screen_info.cpp">
      <Filter>Source Files</Filter>
    </ClCompile>
    <ClCompile Include="GeneratedFiles\Debug\moc_settings.cpp">
      <Filter>Generated Files\Debug</Filter>
    </ClCompile>
    <ClCompile Include="GeneratedFiles\Release\moc_settings.cpp">
      <Filter>Generated Files\Release</Filter>
    </ClCompile>
    <ClCompile Include="core\settings.cc">
      <Filter>Source Files</Filter>
    </ClCompile>
    <ClCompile Include="core\ttspeech.cc">
      <Filter>Source Files</Filter>
    </ClCompile>
  </ItemGroup>
  <ItemGroup>
    <ClInclude Include="core\component.hpp">
      <Filter>Header Files</Filter>
    </ClInclude>
    <ClInclude Include="core\config.hpp">
      <Filter>Header Files</Filter>
    </ClInclude>
    <ClInclude Include="core\ctp_qry_pool.hpp">
      <Filter>Header Files</Filter>
    </ClInclude>
    <ClInclude Include="core\data.h">
      <Filter>Header Files</Filter>
    </ClInclude>
    <ClInclude Include="core\iwkats_core.h">
      <Filter>Header Files</Filter>
    </ClInclude>
    <ClInclude Include="core\iwkats_core_global.h">
      <Filter>Header Files</Filter>
    </ClInclude>
    <ClInclude Include="core\lock.h">
      <Filter>Header Files</Filter>
    </ClInclude>
    <ClInclude Include="core\logging.h">
      <Filter>Header Files</Filter>
    </ClInclude>
    <ClInclude Include="core\network.hpp">
      <Filter>Header Files</Filter>
    </ClInclude>
    <ClInclude Include="core\stream_parse_xml.h">
      <Filter>Header Files</Filter>
    </ClInclude>
    <ClInclude Include="core\thread_pool.hpp">
      <Filter>Header Files</Filter>
    </ClInclude>
    <ClInclude Include="core\util.hpp">
      <Filter>Header Files</Filter>
    </ClInclude>
    <ClInclude Include="core\screen_info.h">
      <Filter>Header Files</Filter>
    </ClInclude>
  </ItemGroup>
  <ItemGroup>
    <CustomBuild Include="core\settings.h">
      <Filter>Header Files</Filter>
    </CustomBuild>
    <CustomBuild Include="core\ttspeech.h">
      <Filter>Header Files</Filter>
    </CustomBuild>
  </ItemGroup>
</Project>